
Microsoft Visual Studio Solution File, Format Version 12.00
# Visual Studio Version 17
VisualStudioVersion = 17.14.36301.6 d17.14
MinimumVisualStudioVersion = 10.0.40219.1
Project("{FAE04EC0-301F-11D3-BF4B-00C04F79EFBC}") = "WebApplication1(API_MVC)", "WebApplication1(API_MVC)\WebApplication1(API_MVC).csproj", "{3255C05F-2233-4814-9F60-86BA39630D81}"
EndProject
Global
	GlobalSection(SolutionConfigurationPlatforms) = preSolution
		Debug|Any CPU = Debug|Any CPU
		Release|Any CPU = Release|Any CPU
	EndGlobalSection
	GlobalSection(ProjectConfigurationPlatforms) = postSolution
		{3255C05F-2233-4814-9F60-86BA39630D81}.Debug|Any CPU.ActiveCfg = Debug|Any CPU
		{3255C05F-2233-4814-9F60-86BA39630D81}.Debug|Any CPU.Build.0 = Debug|Any CPU
		{3255C05F-2233-4814-9F60-86BA39630D81}.Release|Any CPU.ActiveCfg = Release|Any CPU
		{3255C05F-2233-4814-9F60-86BA39630D81}.Release|Any CPU.Build.0 = Release|Any CPU
	EndGlobalSection
	GlobalSection(SolutionProperties) = preSolution
		HideSolutionNode = FALSE
	EndGlobalSection
	GlobalSection(ExtensibilityGlobals) = postSolution
		SolutionGuid = {6460EA63-11C9-43C9-A39A-43DA14E9FD54}
	EndGlobalSection
EndGlobal
